
Microsoft Visual Studio Solution File, Format Version 12.00
Project("{FAE04EC0-301F-11D3-BF4B-00C04F79EFBC}") = "FrameworklessServerKata", "FrameworklessServerKata\FrameworklessServerKata.csproj", "{689C1DB8-CB11-4304-9583-0D92DA270E4D}"
EndProject
Project("{FAE04EC0-301F-11D3-BF4B-00C04F79EFBC}") = "FrameworklessServerKata.Tests", "FrameworklessServerKata.Tests\FrameworklessServerKata.Tests.csproj", "{B52E876B-6924-4F09-86AE-12017C6C3306}"
EndProject
Global
	GlobalSection(SolutionConfigurationPlatforms) = preSolution
		Debug|Any CPU = Debug|Any CPU
		Release|Any CPU = Release|Any CPU
	EndGlobalSection
	GlobalSection(ProjectConfigurationPlatforms) = postSolution
		{689C1DB8-CB11-4304-9583-0D92DA270E4D}.Debug|Any CPU.ActiveCfg = Debug|Any CPU
		{689C1DB8-CB11-4304-9583-0D92DA270E4D}.Debug|Any CPU.Build.0 = Debug|Any CPU
		{689C1DB8-CB11-4304-9583-0D92DA270E4D}.Release|Any CPU.ActiveCfg = Release|Any CPU
		{689C1DB8-CB11-4304-9583-0D92DA270E4D}.Release|Any CPU.Build.0 = Release|Any CPU
		{B52E876B-6924-4F09-86AE-12017C6C3306}.Debug|Any CPU.ActiveCfg = Debug|Any CPU
		{B52E876B-6924-4F09-86AE-12017C6C3306}.Debug|Any CPU.Build.0 = Debug|Any CPU
		{B52E876B-6924-4F09-86AE-12017C6C3306}.Release|Any CPU.ActiveCfg = Release|Any CPU
		{B52E876B-6924-4F09-86AE-12017C6C3306}.Release|Any CPU.Build.0 = Release|Any CPU
	EndGlobalSection
EndGlobal
